
Microsoft Visual Studio Solution File, Format Version 12.00
Project("{FAE04EC0-301F-11D3-BF4B-00C04F79EFBC}") = "TextExtractor", "TextExtractor\TextExtractor.csproj", "{44D78699-15A3-4135-B117-50EEE681A6E0}"
EndProject
Project("{FAE04EC0-301F-11D3-BF4B-00C04F79EFBC}") = "TextExtractorRunner", "TextExtractorRunner\TextExtractorRunner.csproj", "{4BB4C7EA-44C3-4AC5-BDD2-89A905B5A96E}"
EndProject
Project("{FAE04EC0-301F-11D3-BF4B-00C04F79EFBC}") = "RagIndexer", "src\RagIndexer\RagIndexer.csproj", "{82F200AE-0D8D-45D4-A5CE-A12D0F19B1CB}"
EndProject
Global
	GlobalSection(SolutionConfigurationPlatforms) = preSolution
		Debug|Any CPU = Debug|Any CPU
		Release|Any CPU = Release|Any CPU
	EndGlobalSection
	GlobalSection(ProjectConfigurationPlatforms) = postSolution
		{44D78699-15A3-4135-B117-50EEE681A6E0}.Debug|Any CPU.ActiveCfg = Debug|Any CPU
		{44D78699-15A3-4135-B117-50EEE681A6E0}.Debug|Any CPU.Build.0 = Debug|Any CPU
		{44D78699-15A3-4135-B117-50EEE681A6E0}.Release|Any CPU.ActiveCfg = Release|Any CPU
		{44D78699-15A3-4135-B117-50EEE681A6E0}.Release|Any CPU.Build.0 = Release|Any CPU
		{4BB4C7EA-44C3-4AC5-BDD2-89A905B5A96E}.Debug|Any CPU.ActiveCfg = Debug|Any CPU
		{4BB4C7EA-44C3-4AC5-BDD2-89A905B5A96E}.Debug|Any CPU.Build.0 = Debug|Any CPU
		{4BB4C7EA-44C3-4AC5-BDD2-89A905B5A96E}.Release|Any CPU.ActiveCfg = Release|Any CPU
		{4BB4C7EA-44C3-4AC5-BDD2-89A905B5A96E}.Release|Any CPU.Build.0 = Release|Any CPU
		{82F200AE-0D8D-45D4-A5CE-A12D0F19B1CB}.Debug|Any CPU.ActiveCfg = Debug|Any CPU
		{82F200AE-0D8D-45D4-A5CE-A12D0F19B1CB}.Debug|Any CPU.Build.0 = Debug|Any CPU
		{82F200AE-0D8D-45D4-A5CE-A12D0F19B1CB}.Release|Any CPU.ActiveCfg = Release|Any CPU
		{82F200AE-0D8D-45D4-A5CE-A12D0F19B1CB}.Release|Any CPU.Build.0 = Release|Any CPU
	EndGlobalSection
EndGlobal
